
Microsoft Visual Studio Solution File, Format Version 10.00
# Visual Studio 2008
Project("{8BC9CEB8-8B4A-11D0-8D11-00A0C91BC942}") = "test", "test.vcproj", "{47205B36-B4A3-47C7-B016-3734A79D44C5}"
EndProject
Global
	GlobalSection(SolutionConfigurationPlatforms) = preSolution
		Debug|Win32 = Debug|Win32
		Release|Win32 = Release|Win32
	EndGlobalSection
	GlobalSection(ProjectConfigurationPlatforms) = postSolution
		{47205B36-B4A3-47C7-B016-3734A79D44C5}.Debug|Win32.ActiveCfg = Debug|Win32
		{47205B36-B4A3-47C7-B016-3734A79D44C5}.Debug|Win32.Build.0 = Debug|Win32
		{47205B36-B4A3-47C7-B016-3734A79D44C5}.Release|Win32.ActiveCfg = Release|Win32
		{47205B36-B4A3-47C7-B016-3734A79D44C5}.Release|Win32.Build.0 = Release|Win32
	EndGlobalSection
	GlobalSection(SolutionProperties) = preSolution
		HideSolutionNode = FALSE
	EndGlobalSection
EndGlobal
